
Microsoft Visual Studio Solution File, Format Version 12.00
# Visual Studio Version 17
VisualStudioVersion = 17.14.36930.0 d17.14
MinimumVisualStudioVersion = 10.0.40219.1
Project("{FAE04EC0-301F-11D3-BF4B-00C04F79EFBC}") = "Example", "Example.csproj", "{381B1CA5-B7C2-4399-A07D-519D201F8BFC}"
EndProject
Project("{FAE04EC0-301F-11D3-BF4B-00C04F79EFBC}") = "Example.Tests", "..\Example.Tests\Example.Tests.csproj", "{C56E7C24-6350-4110-B103-6F9A6A1FCEC9}"
	ProjectSection(ProjectDependencies) = postProject
		{381B1CA5-B7C2-4399-A07D-519D201F8BFC} = {381B1CA5-B7C2-4399-A07D-519D201F8BFC}
	EndProjectSection
EndProject
Global
	GlobalSection(SolutionConfigurationPlatforms) = preSolution
		Debug|Any CPU = Debug|Any CPU
		Release|Any CPU = Release|Any CPU
	EndGlobalSection
	GlobalSection(ProjectConfigurationPlatforms) = postSolution
		{381B1CA5-B7C2-4399-A07D-519D201F8BFC}.Debug|Any CPU.ActiveCfg = Debug|Any CPU
		{381B1CA5-B7C2-4399-A07D-519D201F8BFC}.Debug|Any CPU.Build.0 = Debug|Any CPU
		{381B1CA5-B7C2-4399-A07D-519D201F8BFC}.Release|Any CPU.ActiveCfg = Release|Any CPU
		{381B1CA5-B7C2-4399-A07D-519D201F8BFC}.Release|Any CPU.Build.0 = Release|Any CPU
		{C56E7C24-6350-4110-B103-6F9A6A1FCEC9}.Debug|Any CPU.ActiveCfg = Debug|Any CPU
		{C56E7C24-6350-4110-B103-6F9A6A1FCEC9}.Debug|Any CPU.Build.0 = Debug|Any CPU
		{C56E7C24-6350-4110-B103-6F9A6A1FCEC9}.Release|Any CPU.ActiveCfg = Release|Any CPU
		{C56E7C24-6350-4110-B103-6F9A6A1FCEC9}.Release|Any CPU.Build.0 = Release|Any CPU
	EndGlobalSection
	GlobalSection(SolutionProperties) = preSolution
		HideSolutionNode = FALSE
	EndGlobalSection
	GlobalSection(ExtensibilityGlobals) = postSolution
		SolutionGuid = {19BC8133-F2F4-4091-8ED7-C1888D23CD38}
	EndGlobalSection
EndGlobal
